
Microsoft Visual Studio Solution File, Format Version 12.00
# Visual Studio Version 17
VisualStudioVersion = 17.14.36623.8
MinimumVisualStudioVersion = 10.0.40219.1
Project("{FAE04EC0-301F-11D3-BF4B-00C04F79EFBC}") = "KanbanForOne", "KanbanForOne.csproj", "{DB524734-957D-48F6-BB98-929876B139E7}"
EndProject
Project("{FAE04EC0-301F-11D3-BF4B-00C04F79EFBC}") = "KanbanForOne.Tests", "KanbanForOne.Tests\KanbanForOne.Tests.csproj", "{EB52550F-232E-46B4-9B8E-A0D6C31A9C9F}"
EndProject
Global
	GlobalSection(SolutionConfigurationPlatforms) = preSolution
		Debug|Any CPU = Debug|Any CPU
		Debug|x64 = Debug|x64
		Debug|x86 = Debug|x86
		Release|Any CPU = Release|Any CPU
		Release|x64 = Release|x64
		Release|x86 = Release|x86
	EndGlobalSection
	GlobalSection(ProjectConfigurationPlatforms) = postSolution
		{DB524734-957D-48F6-BB98-929876B139E7}.Debug|Any CPU.ActiveCfg = Debug|Any CPU
		{DB524734-957D-48F6-BB98-929876B139E7}.Debug|Any CPU.Build.0 = Debug|Any CPU
		{DB524734-957D-48F6-BB98-929876B139E7}.Debug|x64.ActiveCfg = Debug|Any CPU
		{DB524734-957D-48F6-BB98-929876B139E7}.Debug|x64.Build.0 = Debug|Any CPU
		{DB524734-957D-48F6-BB98-929876B139E7}.Debug|x86.ActiveCfg = Debug|Any CPU
		{DB524734-957D-48F6-BB98-929876B139E7}.Debug|x86.Build.0 = Debug|Any CPU
		{DB524734-957D-48F6-BB98-929876B139E7}.Release|Any CPU.ActiveCfg = Release|Any CPU
		{DB524734-957D-48F6-BB98-929876B139E7}.Release|Any CPU.Build.0 = Release|Any CPU
		{DB524734-957D-48F6-BB98-929876B139E7}.Release|x64.ActiveCfg = Release|Any CPU
		{DB524734-957D-48F6-BB98-929876B139E7}.Release|x64.Build.0 = Release|Any CPU
		{DB524734-957D-48F6-BB98-929876B139E7}.Release|x86.ActiveCfg = Release|Any CPU
		{DB524734-957D-48F6-BB98-929876B139E7}.Release|x86.Build.0 = Release|Any CPU
		{EB52550F-232E-46B4-9B8E-A0D6C31A9C9F}.Debug|Any CPU.ActiveCfg = Debug|Any CPU
		{EB52550F-232E-46B4-9B8E-A0D6C31A9C9F}.Debug|Any CPU.Build.0 = Debug|Any CPU
		{EB52550F-232E-46B4-9B8E-A0D6C31A9C9F}.Debug|x64.ActiveCfg = Debug|Any CPU
		{EB52550F-232E-46B4-9B8E-A0D6C31A9C9F}.Debug|x64.Build.0 = Debug|Any CPU
		{EB52550F-232E-46B4-9B8E-A0D6C31A9C9F}.Debug|x86.ActiveCfg = Debug|Any CPU
		{EB52550F-232E-46B4-9B8E-A0D6C31A9C9F}.Debug|x86.Build.0 = Debug|Any CPU
		{EB52550F-232E-46B4-9B8E-A0D6C31A9C9F}.Release|Any CPU.ActiveCfg = Release|Any CPU
		{EB52550F-232E-46B4-9B8E-A0D6C31A9C9F}.Release|Any CPU.Build.0 = Release|Any CPU
		{EB52550F-232E-46B4-9B8E-A0D6C31A9C9F}.Release|x64.ActiveCfg = Release|Any CPU
		{EB52550F-232E-46B4-9B8E-A0D6C31A9C9F}.Release|x64.Build.0 = Release|Any CPU
		{EB52550F-232E-46B4-9B8E-A0D6C31A9C9F}.Release|x86.ActiveCfg = Release|Any CPU
		{EB52550F-232E-46B4-9B8E-A0D6C31A9C9F}.Release|x86.Build.0 = Release|Any CPU
	EndGlobalSection
	GlobalSection(SolutionProperties) = preSolution
		HideSolutionNode = FALSE
	EndGlobalSection
	GlobalSection(ExtensibilityGlobals) = postSolution
		SolutionGuid = {98481461-0538-435E-A94F-5740BA4D5863}
	EndGlobalSection
EndGlobal
